
Microsoft Visual Studio Solution File, Format Version 12.00
# Visual Studio Version 16
VisualStudioVersion = 16.0.29215.179
MinimumVisualStudioVersion = 10.0.40219.1
Project("{FAE04EC0-301F-11D3-BF4B-00C04F79EFBC}") = "Waypoints", "Waypoints\Waypoints.csproj", "{07F7F98F-F481-430D-BAD6-E1D984CF9AFF}"
EndProject
Global
	GlobalSection(SolutionConfigurationPlatforms) = preSolution
		Debug|Any CPU = Debug|Any CPU
		Release|Any CPU = Release|Any CPU
	EndGlobalSection
	GlobalSection(ProjectConfigurationPlatforms) = postSolution
		{07F7F98F-F481-430D-BAD6-E1D984CF9AFF}.Debug|Any CPU.ActiveCfg = Debug|Any CPU
		{07F7F98F-F481-430D-BAD6-E1D984CF9AFF}.Debug|Any CPU.Build.0 = Debug|Any CPU
		{07F7F98F-F481-430D-BAD6-E1D984CF9AFF}.Release|Any CPU.ActiveCfg = Release|Any CPU
		{07F7F98F-F481-430D-BAD6-E1D984CF9AFF}.Release|Any CPU.Build.0 = Release|Any CPU
	EndGlobalSection
	GlobalSection(SolutionProperties) = preSolution
		HideSolutionNode = FALSE
	EndGlobalSection
	GlobalSection(ExtensibilityGlobals) = postSolution
		SolutionGuid = {D8563063-B949-4271-961A-88DD55A0E0C1}
	EndGlobalSection
EndGlobal
